
Microsoft Visual Studio Solution File, Format Version 12.00
# Visual Studio 14
VisualStudioVersion = 14.0.24720.0
MinimumVisualStudioVersion = 10.0.40219.1
Project("{FAE04EC0-301F-11D3-BF4B-00C04F79EFBC}") = "Task01", "Task01\Task01.csproj", "{64D4D183-BFC3-461C-B247-E1FC962D0C11}"
EndProject
Project("{FAE04EC0-301F-11D3-BF4B-00C04F79EFBC}") = "Task02", "Task02\Task02.csproj", "{BF17986C-E9FD-42D2-9724-6ED702AD3E0C}"
EndProject
Global
	GlobalSection(SolutionConfigurationPlatforms) = preSolution
		Debug|Any CPU = Debug|Any CPU
		Release|Any CPU = Release|Any CPU
	EndGlobalSection
	GlobalSection(ProjectConfigurationPlatforms) = postSolution
		{64D4D183-BFC3-461C-B247-E1FC962D0C11}.Debug|Any CPU.ActiveCfg = Debug|Any CPU
		{64D4D183-BFC3-461C-B247-E1FC962D0C11}.Debug|Any CPU.Build.0 = Debug|Any CPU
		{64D4D183-BFC3-461C-B247-E1FC962D0C11}.Release|Any CPU.ActiveCfg = Release|Any CPU
		{64D4D183-BFC3-461C-B247-E1FC962D0C11}.Release|Any CPU.Build.0 = Release|Any CPU
		{BF17986C-E9FD-42D2-9724-6ED702AD3E0C}.Debug|Any CPU.ActiveCfg = Debug|Any CPU
		{BF17986C-E9FD-42D2-9724-6ED702AD3E0C}.Debug|Any CPU.Build.0 = Debug|Any CPU
		{BF17986C-E9FD-42D2-9724-6ED702AD3E0C}.Release|Any CPU.ActiveCfg = Release|Any CPU
		{BF17986C-E9FD-42D2-9724-6ED702AD3E0C}.Release|Any CPU.Build.0 = Release|Any CPU
	EndGlobalSection
	GlobalSection(SolutionProperties) = preSolution
		HideSolutionNode = FALSE
	EndGlobalSection
EndGlobal
