
Microsoft Visual Studio Solution File, Format Version 12.00
# Visual Studio 14
VisualStudioVersion = 14.0.24720.0
MinimumVisualStudioVersion = 10.0.40219.1
Project("{FAE04EC0-301F-11D3-BF4B-00C04F79EFBC}") = "Task01", "Task01\Task01.csproj", "{9BFCE48F-4E18-4678-A403-8B8ECCFC3FDE}"
EndProject
Project("{FAE04EC0-301F-11D3-BF4B-00C04F79EFBC}") = "Task02", "Task02\Task02.csproj", "{4B80E0E9-4107-44EF-AD78-D4A118DBBC9F}"
EndProject
Project("{FAE04EC0-301F-11D3-BF4B-00C04F79EFBC}") = "Task03", "Task03\Task03.csproj", "{D5B2C47B-0B32-4B20-B870-F300A558B0B1}"
EndProject
Global
	GlobalSection(SolutionConfigurationPlatforms) = preSolution
		Debug|Any CPU = Debug|Any CPU
		Release|Any CPU = Release|Any CPU
	EndGlobalSection
	GlobalSection(ProjectConfigurationPlatforms) = postSolution
		{9BFCE48F-4E18-4678-A403-8B8ECCFC3FDE}.Debug|Any CPU.ActiveCfg = Debug|Any CPU
		{9BFCE48F-4E18-4678-A403-8B8ECCFC3FDE}.Debug|Any CPU.Build.0 = Debug|Any CPU
		{9BFCE48F-4E18-4678-A403-8B8ECCFC3FDE}.Release|Any CPU.ActiveCfg = Release|Any CPU
		{9BFCE48F-4E18-4678-A403-8B8ECCFC3FDE}.Release|Any CPU.Build.0 = Release|Any CPU
		{4B80E0E9-4107-44EF-AD78-D4A118DBBC9F}.Debug|Any CPU.ActiveCfg = Debug|Any CPU
		{4B80E0E9-4107-44EF-AD78-D4A118DBBC9F}.Debug|Any CPU.Build.0 = Debug|Any CPU
		{4B80E0E9-4107-44EF-AD78-D4A118DBBC9F}.Release|Any CPU.ActiveCfg = Release|Any CPU
		{4B80E0E9-4107-44EF-AD78-D4A118DBBC9F}.Release|Any CPU.Build.0 = Release|Any CPU
		{D5B2C47B-0B32-4B20-B870-F300A558B0B1}.Debug|Any CPU.ActiveCfg = Debug|Any CPU
		{D5B2C47B-0B32-4B20-B870-F300A558B0B1}.Debug|Any CPU.Build.0 = Debug|Any CPU
		{D5B2C47B-0B32-4B20-B870-F300A558B0B1}.Release|Any CPU.ActiveCfg = Release|Any CPU
		{D5B2C47B-0B32-4B20-B870-F300A558B0B1}.Release|Any CPU.Build.0 = Release|Any CPU
	EndGlobalSection
	GlobalSection(SolutionProperties) = preSolution
		HideSolutionNode = FALSE
	EndGlobalSection
EndGlobal
